<?xml version="1.0" encoding="utf-8"?>
<Project ToolsVersion="4.0" xmlns="http://schemas.microsoft.com/developer/msbuild/2003">
  <ItemGroup>
    <Filter Include="Source Files">
      <UniqueIdentifier>{4FC737F1-C7A5-4376-A066-2A32D752A2FF}</UniqueIdentifier>
      <Extensions>cpp;c;cc;cxx;c++;cppm;ixx;def;odl;idl;hpj;bat;asm;asmx</Extensions>
    </Filter>
    <Filter Include="Header Files">
      <UniqueIdentifier>{93995380-89BD-4b04-88EB-625FBE52EBFB}</UniqueIdentifier>
      <Extensions>h;hh;hpp;hxx;h++;hm;inl;inc;ipp;xsd</Extensions>
    </Filter>
    <Filter Include="Resource Files">
      <UniqueIdentifier>{67DA6AB6-F800-4c08-8B7A-83BB121AAD01}</UniqueIdentifier>
      <Extensions>rc;ico;cur;bmp;dlg;rc2;rct;bin;rgs;gif;jpg;jpeg;jpe;resx;tiff;tif;png;wav;mfcribbon-ms</Extensions>
    </Filter>
  </ItemGroup>
  <ItemGroup>
    <ClCompile Include="Time Pilot.cpp">
      <Filter>Source Files</Filter>
    </ClCompile>
    <ClCompile Include="Player.cpp">
      <Filter>Source Files</Filter>
    </ClCompile>
    <ClCompile Include="Object.cpp">
      <Filter>Source Files</Filter>
    </ClCompile>
    <ClCompile Include="Bullet.cpp">
      <Filter>Source Files</Filter>
    </ClCompile>
    <ClCompile Include="Bomb.cpp">
      <Filter>Source Files</Filter>
    </ClCompile>
    <ClCompile Include="Missile.cpp">
      <Filter>Source Files</Filter>
    </ClCompile>
    <ClCompile Include="Cloud.cpp">
      <Filter>Source Files</Filter>
    </ClCompile>
    <ClCompile Include="Airman.cpp">
      <Filter>Source Files</Filter>
    </ClCompile>
    <ClCompile Include="Boss.cpp">
      <Filter>Source Files</Filter>
    </ClCompile>
    <ClCompile Include="Enemy.cpp">
      <Filter>Source Files</Filter>
    </ClCompile>
    <ClCompile Include="Tgrunt.cpp">
      <Filter>Source Files</Filter>
    </ClCompile>
    <ClCompile Include="Grunt.cpp">
      <Filter>Source Files</Filter>
    </ClCompile>
    <ClCompile Include="Animation.cpp">
      <Filter>Source Files</Filter>
    </ClCompile>
    <ClCompile Include="Game.cpp">
      <Filter>Source Files</Filter>
    </ClCompile>
  </ItemGroup>
  <ItemGroup>
    <ClInclude Include="Player.h">
      <Filter>Header Files</Filter>
    </ClInclude>
    <ClInclude Include="Object.h">
      <Filter>Header Files</Filter>
    </ClInclude>
    <ClInclude Include="Bullet.h">
      <Filter>Header Files</Filter>
    </ClInclude>
    <ClInclude Include="Bomb.h">
      <Filter>Header Files</Filter>
    </ClInclude>
    <ClInclude Include="Missile.h">
      <Filter>Header Files</Filter>
    </ClInclude>
    <ClInclude Include="Cloud.h">
      <Filter>Header Files</Filter>
    </ClInclude>
    <ClInclude Include="Airman.h">
      <Filter>Header Files</Filter>
    </ClInclude>
    <ClInclude Include="Enemy.h">
      <Filter>Header Files</Filter>
    </ClInclude>
    <ClInclude Include="Boss.h">
      <Filter>Header Files</Filter>
    </ClInclude>
    <ClInclude Include="Tgrunt.h">
      <Filter>Header Files</Filter>
    </ClInclude>
    <ClInclude Include="Grunt.h">
      <Filter>Header Files</Filter>
    </ClInclude>
    <ClInclude Include="Animation.h">
      <Filter>Header Files</Filter>
    </ClInclude>
    <ClInclude Include="Game.h">
      <Filter>Header Files</Filter>
    </ClInclude>
  </ItemGroup>
  <ItemGroup>
    <Image Include="airman0.png">
      <Filter>Resource Files</Filter>
    </Image>
    <Image Include="1918planel0.png">
      <Filter>Resource Files</Filter>
    </Image>
    <Image Include="1918planel1.png">
      <Filter>Resource Files</Filter>
    </Image>
    <Image Include="1918planel2.png">
      <Filter>Resource Files</Filter>
    </Image>
    <Image Include="1918planel3.png">
      <Filter>Resource Files</Filter>
    </Image>
    <Image Include="1918planel4.png">
      <Filter>Resource Files</Filter>
    </Image>
    <Image Include="1918planel5.png">
      <Filter>Resource Files</Filter>
    </Image>
    <Image Include="1918planel6.png">
      <Filter>Resource Files</Filter>
    </Image>
    <Image Include="1918planel7.png">
      <Filter>Resource Files</Filter>
    </Image>
    <Image Include="1918planel8.png">
      <Filter>Resource Files</Filter>
    </Image>
    <Image Include="1918planel9.png">
      <Filter>Resource Files</Filter>
    </Image>
    <Image Include="1918planel10.png">
      <Filter>Resource Files</Filter>
    </Image>
    <Image Include="1918planel14.png">
      <Filter>Resource Files</Filter>
    </Image>
    <Image Include="1918planel15.png">
      <Filter>Resource Files</Filter>
    </Image>
    <Image Include="1918planer0.png">
      <Filter>Resource Files</Filter>
    </Image>
    <Image Include="1918planer1.png">
      <Filter>Resource Files</Filter>
    </Image>
    <Image Include="1918planer2.png">
      <Filter>Resource Files</Filter>
    </Image>
    <Image Include="1918planer3.png">
      <Filter>Resource Files</Filter>
    </Image>
    <Image Include="1918planer4.png">
      <Filter>Resource Files</Filter>
    </Image>
    <Image Include="1918planer5.png">
      <Filter>Resource Files</Filter>
    </Image>
    <Image Include="1918planer6.png">
      <Filter>Resource Files</Filter>
    </Image>
    <Image Include="1918planer7.png">
      <Filter>Resource Files</Filter>
    </Image>
    <Image Include="1918planer8.png">
      <Filter>Resource Files</Filter>
    </Image>
    <Image Include="1918planel11.png">
      <Filter>Resource Files</Filter>
    </Image>
    <Image Include="1918planel12.png">
      <Filter>Resource Files</Filter>
    </Image>
    <Image Include="1918planel13.png">
      <Filter>Resource Files</Filter>
    </Image>
    <Image Include="1918planer9.png">
      <Filter>Resource Files</Filter>
    </Image>
    <Image Include="1918planer10.png">
      <Filter>Resource Files</Filter>
    </Image>
    <Image Include="1918planer11.png">
      <Filter>Resource Files</Filter>
    </Image>
    <Image Include="1918planer12.png">
      <Filter>Resource Files</Filter>
    </Image>
    <Image Include="1918planer13.png">
      <Filter>Resource Files</Filter>
    </Image>
    <Image Include="1918planer14.png">
      <Filter>Resource Files</Filter>
    </Image>
    <Image Include="1918planer15.png">
      <Filter>Resource Files</Filter>
    </Image>
    <Image Include="airman1.png">
      <Filter>Resource Files</Filter>
    </Image>
    <Image Include="airman2.png">
      <Filter>Resource Files</Filter>
    </Image>
    <Image Include="airman3.png">
      <Filter>Resource Files</Filter>
    </Image>
    <Image Include="cloud0.png">
      <Filter>Resource Files</Filter>
    </Image>
  </ItemGroup>
</Project>