<?xml version="1.0" encoding="utf-8"?>
<Project ToolsVersion="4.0" xmlns="http://schemas.microsoft.com/developer/msbuild/2003">
  <ItemGroup>
    <Filter Include="Source Files">
      <UniqueIdentifier>{4FC737F1-C7A5-4376-A066-2A32D752A2FF}</UniqueIdentifier>
      <Extensions>cpp;c;cc;cxx;c++;cppm;ixx;def;odl;idl;hpj;bat;asm;asmx</Extensions>
    </Filter>
    <Filter Include="Header Files">
      <UniqueIdentifier>{93995380-89BD-4b04-88EB-625FBE52EBFB}</UniqueIdentifier>
      <Extensions>h;hh;hpp;hxx;h++;hm;inl;inc;ipp;xsd</Extensions>
    </Filter>
    <Filter Include="Resource Files">
      <UniqueIdentifier>{67DA6AB6-F800-4c08-8B7A-83BB121AAD01}</UniqueIdentifier>
      <Extensions>rc;ico;cur;bmp;dlg;rc2;rct;bin;rgs;gif;jpg;jpeg;jpe;resx;tiff;tif;png;wav;mfcribbon-ms</Extensions>
    </Filter>
  </ItemGroup>
  <ItemGroup>
    <ClCompile Include="Time Pilot.cpp">
      <Filter>Source Files</Filter>
    </ClCompile>
    <ClCompile Include="Player.cpp">
      <Filter>Source Files</Filter>
    </ClCompile>
    <ClCompile Include="Object.cpp">
      <Filter>Source Files</Filter>
    </ClCompile>
    <ClCompile Include="Bullet.cpp">
      <Filter>Source Files</Filter>
    </ClCompile>
    <ClCompile Include="Bomb.cpp">
      <Filter>Source Files</Filter>
    </ClCompile>
    <ClCompile Include="Missile.cpp">
      <Filter>Source Files</Filter>
    </ClCompile>
    <ClCompile Include="Cloud.cpp">
      <Filter>Source Files</Filter>
    </ClCompile>
    <ClCompile Include="Airman.cpp">
      <Filter>Source Files</Filter>
    </ClCompile>
    <ClCompile Include="Boss.cpp">
      <Filter>Source Files</Filter>
    </ClCompile>
    <ClCompile Include="Enemy.cpp">
      <Filter>Source Files</Filter>
    </ClCompile>
    <ClCompile Include="Grunt.cpp">
      <Filter>Source Files</Filter>
    </ClCompile>
    <ClCompile Include="Animation.cpp">
      <Filter>Source Files</Filter>
    </ClCompile>
    <ClCompile Include="Game.cpp">
      <Filter>Source Files</Filter>
    </ClCompile>
    <ClCompile Include="Explosion.cpp">
      <Filter>Source Files</Filter>
    </ClCompile>
  </ItemGroup>
  <ItemGroup>
    <ClInclude Include="Player.h">
      <Filter>Header Files</Filter>
    </ClInclude>
    <ClInclude Include="Object.h">
      <Filter>Header Files</Filter>
    </ClInclude>
    <ClInclude Include="Bullet.h">
      <Filter>Header Files</Filter>
    </ClInclude>
    <ClInclude Include="Bomb.h">
      <Filter>Header Files</Filter>
    </ClInclude>
    <ClInclude Include="Missile.h">
      <Filter>Header Files</Filter>
    </ClInclude>
    <ClInclude Include="Cloud.h">
      <Filter>Header Files</Filter>
    </ClInclude>
    <ClInclude Include="Airman.h">
      <Filter>Header Files</Filter>
    </ClInclude>
    <ClInclude Include="Enemy.h">
      <Filter>Header Files</Filter>
    </ClInclude>
    <ClInclude Include="Boss.h">
      <Filter>Header Files</Filter>
    </ClInclude>
    <ClInclude Include="Grunt.h">
      <Filter>Header Files</Filter>
    </ClInclude>
    <ClInclude Include="Animation.h">
      <Filter>Header Files</Filter>
    </ClInclude>
    <ClInclude Include="Game.h">
      <Filter>Header Files</Filter>
    </ClInclude>
    <ClInclude Include="Explosion.h">
      <Filter>Header Files</Filter>
    </ClInclude>
  </ItemGroup>
  <ItemGroup>
    <Image Include="airman0.png">
      <Filter>Resource Files</Filter>
    </Image>
    <Image Include="1918planel0.png">
      <Filter>Resource Files</Filter>
    </Image>
    <Image Include="1918planel1.png">
      <Filter>Resource Files</Filter>
    </Image>
    <Image Include="1918planel2.png">
      <Filter>Resource Files</Filter>
    </Image>
    <Image Include="1918planel3.png">
      <Filter>Resource Files</Filter>
    </Image>
    <Image Include="1918planel4.png">
      <Filter>Resource Files</Filter>
    </Image>
    <Image Include="1918planel5.png">
      <Filter>Resource Files</Filter>
    </Image>
    <Image Include="1918planel6.png">
      <Filter>Resource Files</Filter>
    </Image>
    <Image Include="1918planel7.png">
      <Filter>Resource Files</Filter>
    </Image>
    <Image Include="1918planel8.png">
      <Filter>Resource Files</Filter>
    </Image>
    <Image Include="1918planel9.png">
      <Filter>Resource Files</Filter>
    </Image>
    <Image Include="1918planel10.png">
      <Filter>Resource Files</Filter>
    </Image>
    <Image Include="1918planel14.png">
      <Filter>Resource Files</Filter>
    </Image>
    <Image Include="1918planel15.png">
      <Filter>Resource Files</Filter>
    </Image>
    <Image Include="1918planer0.png">
      <Filter>Resource Files</Filter>
    </Image>
    <Image Include="1918planer1.png">
      <Filter>Resource Files</Filter>
    </Image>
    <Image Include="1918planer2.png">
      <Filter>Resource Files</Filter>
    </Image>
    <Image Include="1918planer3.png">
      <Filter>Resource Files</Filter>
    </Image>
    <Image Include="1918planer4.png">
      <Filter>Resource Files</Filter>
    </Image>
    <Image Include="1918planer5.png">
      <Filter>Resource Files</Filter>
    </Image>
    <Image Include="1918planer6.png">
      <Filter>Resource Files</Filter>
    </Image>
    <Image Include="1918planer7.png">
      <Filter>Resource Files</Filter>
    </Image>
    <Image Include="1918planer8.png">
      <Filter>Resource Files</Filter>
    </Image>
    <Image Include="1918planel11.png">
      <Filter>Resource Files</Filter>
    </Image>
    <Image Include="1918planel12.png">
      <Filter>Resource Files</Filter>
    </Image>
    <Image Include="1918planel13.png">
      <Filter>Resource Files</Filter>
    </Image>
    <Image Include="1918planer9.png">
      <Filter>Resource Files</Filter>
    </Image>
    <Image Include="1918planer10.png">
      <Filter>Resource Files</Filter>
    </Image>
    <Image Include="1918planer11.png">
      <Filter>Resource Files</Filter>
    </Image>
    <Image Include="1918planer12.png">
      <Filter>Resource Files</Filter>
    </Image>
    <Image Include="1918planer15.png">
      <Filter>Resource Files</Filter>
    </Image>
    <Image Include="airman1.png">
      <Filter>Resource Files</Filter>
    </Image>
    <Image Include="airman2.png">
      <Filter>Resource Files</Filter>
    </Image>
    <Image Include="airman3.png">
      <Filter>Resource Files</Filter>
    </Image>
    <Image Include="eBullet0.png">
      <Filter>Resource Files</Filter>
    </Image>
    <Image Include="pBullet0.png">
      <Filter>Resource Files</Filter>
    </Image>
    <Image Include="1918planer13.png">
      <Filter>Resource Files</Filter>
    </Image>
    <Image Include="1918planer14.png">
      <Filter>Resource Files</Filter>
    </Image>
    <Image Include="background1918.png">
      <Filter>Resource Files</Filter>
    </Image>
    <Image Include="1940planel0.png">
      <Filter>Resource Files</Filter>
    </Image>
    <Image Include="1940planel1.png">
      <Filter>Resource Files</Filter>
    </Image>
    <Image Include="1940planel10.png">
      <Filter>Resource Files</Filter>
    </Image>
    <Image Include="1940planel11.png">
      <Filter>Resource Files</Filter>
    </Image>
    <Image Include="1940planel12.png">
      <Filter>Resource Files</Filter>
    </Image>
    <Image Include="1940planel13.png">
      <Filter>Resource Files</Filter>
    </Image>
    <Image Include="1940planel14.png">
      <Filter>Resource Files</Filter>
    </Image>
    <Image Include="1940planel15.png">
      <Filter>Resource Files</Filter>
    </Image>
    <Image Include="1940planel2.png">
      <Filter>Resource Files</Filter>
    </Image>
    <Image Include="1940planel3.png">
      <Filter>Resource Files</Filter>
    </Image>
    <Image Include="1940planel4.png">
      <Filter>Resource Files</Filter>
    </Image>
    <Image Include="1940planel5.png">
      <Filter>Resource Files</Filter>
    </Image>
    <Image Include="1940planel6.png">
      <Filter>Resource Files</Filter>
    </Image>
    <Image Include="1940planel7.png">
      <Filter>Resource Files</Filter>
    </Image>
    <Image Include="1940planel8.png">
      <Filter>Resource Files</Filter>
    </Image>
    <Image Include="1940planel9.png">
      <Filter>Resource Files</Filter>
    </Image>
    <Image Include="1940planer0.png">
      <Filter>Resource Files</Filter>
    </Image>
    <Image Include="1940planer1.png">
      <Filter>Resource Files</Filter>
    </Image>
    <Image Include="1940planer10.png">
      <Filter>Resource Files</Filter>
    </Image>
    <Image Include="1940planer11.png">
      <Filter>Resource Files</Filter>
    </Image>
    <Image Include="1940planer12.png">
      <Filter>Resource Files</Filter>
    </Image>
    <Image Include="1940planer13.png">
      <Filter>Resource Files</Filter>
    </Image>
    <Image Include="1940planer14.png">
      <Filter>Resource Files</Filter>
    </Image>
    <Image Include="1940planer15.png">
      <Filter>Resource Files</Filter>
    </Image>
    <Image Include="1940planer2.png">
      <Filter>Resource Files</Filter>
    </Image>
    <Image Include="1940planer3.png">
      <Filter>Resource Files</Filter>
    </Image>
    <Image Include="1940planer4.png">
      <Filter>Resource Files</Filter>
    </Image>
    <Image Include="1940planer5.png">
      <Filter>Resource Files</Filter>
    </Image>
    <Image Include="1940planer6.png">
      <Filter>Resource Files</Filter>
    </Image>
    <Image Include="1940planer7.png">
      <Filter>Resource Files</Filter>
    </Image>
    <Image Include="1940planer8.png">
      <Filter>Resource Files</Filter>
    </Image>
    <Image Include="1940planer9.png">
      <Filter>Resource Files</Filter>
    </Image>
    <Image Include="1980plane0.png">
      <Filter>Resource Files</Filter>
    </Image>
    <Image Include="1980plane1.png">
      <Filter>Resource Files</Filter>
    </Image>
    <Image Include="1980plane10.png">
      <Filter>Resource Files</Filter>
    </Image>
    <Image Include="1980plane11.png">
      <Filter>Resource Files</Filter>
    </Image>
    <Image Include="1980plane12.png">
      <Filter>Resource Files</Filter>
    </Image>
    <Image Include="1980plane13.png">
      <Filter>Resource Files</Filter>
    </Image>
    <Image Include="1980plane14.png">
      <Filter>Resource Files</Filter>
    </Image>
    <Image Include="1980plane15.png">
      <Filter>Resource Files</Filter>
    </Image>
    <Image Include="1980plane2.png">
      <Filter>Resource Files</Filter>
    </Image>
    <Image Include="1980plane3.png">
      <Filter>Resource Files</Filter>
    </Image>
    <Image Include="1980plane4.png">
      <Filter>Resource Files</Filter>
    </Image>
    <Image Include="1980plane5.png">
      <Filter>Resource Files</Filter>
    </Image>
    <Image Include="1980plane6.png">
      <Filter>Resource Files</Filter>
    </Image>
    <Image Include="1980plane7.png">
      <Filter>Resource Files</Filter>
    </Image>
    <Image Include="1980plane8.png">
      <Filter>Resource Files</Filter>
    </Image>
    <Image Include="1980plane9.png">
      <Filter>Resource Files</Filter>
    </Image>
    <Image Include="cloud0.png">
      <Filter>Resource Files</Filter>
    </Image>
    <Image Include="player0.png">
      <Filter>Resource Files</Filter>
    </Image>
    <Image Include="player1.png">
      <Filter>Resource Files</Filter>
    </Image>
    <Image Include="player10.png">
      <Filter>Resource Files</Filter>
    </Image>
    <Image Include="player11.png">
      <Filter>Resource Files</Filter>
    </Image>
    <Image Include="player12.png">
      <Filter>Resource Files</Filter>
    </Image>
    <Image Include="player13.png">
      <Filter>Resource Files</Filter>
    </Image>
    <Image Include="player14.png">
      <Filter>Resource Files</Filter>
    </Image>
    <Image Include="player15.png">
      <Filter>Resource Files</Filter>
    </Image>
    <Image Include="player16.png">
      <Filter>Resource Files</Filter>
    </Image>
    <Image Include="player17.png">
      <Filter>Resource Files</Filter>
    </Image>
    <Image Include="player18.png">
      <Filter>Resource Files</Filter>
    </Image>
    <Image Include="player19.png">
      <Filter>Resource Files</Filter>
    </Image>
    <Image Include="player2.png">
      <Filter>Resource Files</Filter>
    </Image>
    <Image Include="player20.png">
      <Filter>Resource Files</Filter>
    </Image>
    <Image Include="player21.png">
      <Filter>Resource Files</Filter>
    </Image>
    <Image Include="player22.png">
      <Filter>Resource Files</Filter>
    </Image>
    <Image Include="player23.png">
      <Filter>Resource Files</Filter>
    </Image>
    <Image Include="player24.png">
      <Filter>Resource Files</Filter>
    </Image>
    <Image Include="player25.png">
      <Filter>Resource Files</Filter>
    </Image>
    <Image Include="player26.png">
      <Filter>Resource Files</Filter>
    </Image>
    <Image Include="player27.png">
      <Filter>Resource Files</Filter>
    </Image>
    <Image Include="player28.png">
      <Filter>Resource Files</Filter>
    </Image>
    <Image Include="player29.png">
      <Filter>Resource Files</Filter>
    </Image>
    <Image Include="player3.png">
      <Filter>Resource Files</Filter>
    </Image>
    <Image Include="player30.png">
      <Filter>Resource Files</Filter>
    </Image>
    <Image Include="player31.png">
      <Filter>Resource Files</Filter>
    </Image>
    <Image Include="player4.png">
      <Filter>Resource Files</Filter>
    </Image>
    <Image Include="player5.png">
      <Filter>Resource Files</Filter>
    </Image>
    <Image Include="player6.png">
      <Filter>Resource Files</Filter>
    </Image>
    <Image Include="player7.png">
      <Filter>Resource Files</Filter>
    </Image>
    <Image Include="player8.png">
      <Filter>Resource Files</Filter>
    </Image>
    <Image Include="player9.png">
      <Filter>Resource Files</Filter>
    </Image>
    <Image Include="1970missile0.png">
      <Filter>Resource Files</Filter>
    </Image>
    <Image Include="1970missile1.png">
      <Filter>Resource Files</Filter>
    </Image>
    <Image Include="1970missile10.png">
      <Filter>Resource Files</Filter>
    </Image>
    <Image Include="1970missile11.png">
      <Filter>Resource Files</Filter>
    </Image>
    <Image Include="1970missile12.png">
      <Filter>Resource Files</Filter>
    </Image>
    <Image Include="1970missile13.png">
      <Filter>Resource Files</Filter>
    </Image>
    <Image Include="1970missile14.png">
      <Filter>Resource Files</Filter>
    </Image>
    <Image Include="1970missile15.png">
      <Filter>Resource Files</Filter>
    </Image>
    <Image Include="1970missile2.png">
      <Filter>Resource Files</Filter>
    </Image>
    <Image Include="1970missile3.png">
      <Filter>Resource Files</Filter>
    </Image>
    <Image Include="1970missile4.png">
      <Filter>Resource Files</Filter>
    </Image>
    <Image Include="1970missile5.png">
      <Filter>Resource Files</Filter>
    </Image>
    <Image Include="1970missile6.png">
      <Filter>Resource Files</Filter>
    </Image>
    <Image Include="1970missile7.png">
      <Filter>Resource Files</Filter>
    </Image>
    <Image Include="1970missile8.png">
      <Filter>Resource Files</Filter>
    </Image>
    <Image Include="1970missile9.png">
      <Filter>Resource Files</Filter>
    </Image>
    <Image Include="2000plane0.png">
      <Filter>Resource Files</Filter>
    </Image>
    <Image Include="2000plane1.png">
      <Filter>Resource Files</Filter>
    </Image>
    <Image Include="2000plane2.png">
      <Filter>Resource Files</Filter>
    </Image>
    <Image Include="2000plane3.png">
      <Filter>Resource Files</Filter>
    </Image>
  </ItemGroup>
  <ItemGroup>
    <Font Include="konami.ttf" />
  </ItemGroup>
</Project>